
Microsoft Visual Studio Solution File, Format Version 12.00
# Visual Studio Version 16
VisualStudioVersion = 16.0.29209.62
MinimumVisualStudioVersion = 10.0.40219.1
Project("{9A19103F-16F7-4668-BE54-9A1E7A4F7556}") = "DatingApp.API", "DatingApp.API.csproj", "{AF87F947-3753-455D-83BB-9A09B7DBEB37}"
EndProject
Global
	GlobalSection(SolutionConfigurationPlatforms) = preSolution
		Debug|Any CPU = Debug|Any CPU
		Release|Any CPU = Release|Any CPU
	EndGlobalSection
	GlobalSection(ProjectConfigurationPlatforms) = postSolution
		{AF87F947-3753-455D-83BB-9A09B7DBEB37}.Debug|Any CPU.ActiveCfg = Debug|Any CPU
		{AF87F947-3753-455D-83BB-9A09B7DBEB37}.Debug|Any CPU.Build.0 = Debug|Any CPU
		{AF87F947-3753-455D-83BB-9A09B7DBEB37}.Release|Any CPU.ActiveCfg = Release|Any CPU
		{AF87F947-3753-455D-83BB-9A09B7DBEB37}.Release|Any CPU.Build.0 = Release|Any CPU
	EndGlobalSection
	GlobalSection(SolutionProperties) = preSolution
		HideSolutionNode = FALSE
	EndGlobalSection
	GlobalSection(ExtensibilityGlobals) = postSolution
		SolutionGuid = {1D158A3F-5BAE-441F-9727-F5D8F938B0C1}
	EndGlobalSection
EndGlobal
